Terraform will perform the following actions:

  # aws_instance.cb_jenkins will be created
  + resource "aws_instance" "cb_jenkins" {
      + ami                                  = "ami-04b70fa74e45c3917"
      + arn                                  = (known after apply)
      + associate_public_ip_address          = (known after apply)
      + availability_zone                    = (known after apply)
      + cpu_core_count                       = (known after apply)
      + cpu_threads_per_core                 = (known after apply)
      + disable_api_stop                     = (known after apply)
      + disable_api_termination              = (known after apply)
      + ebs_optimized                        = (known after apply)
      + get_password_data                    = false
      + host_id                              = (known after apply)
      + host_resource_group_arn              = (known after apply)
      + iam_instance_profile                 = "SSM_Instanceprofile"
      + id                                   = (known after apply)
      + instance_initiated_shutdown_behavior = (known after apply)
      + instance_state                       = (known after apply)
      + instance_type                        = "t2.medium"
      + ipv6_address_count                   = (known after apply)
      + ipv6_addresses                       = (known after apply)
      + key_name                             = "nv_keys"
      + monitoring                           = (known after apply)
      + outpost_arn                          = (known after apply)
      + password_data                        = (known after apply)
      + placement_group                      = (known after apply)
      + placement_partition_number           = (known after apply)
      + primary_network_interface_id         = (known after apply)
      + private_dns                          = (known after apply)
      + private_ip                           = (known after apply)
      + public_dns                           = (known after apply)
      + public_ip                            = (known after apply)
      + secondary_private_ips                = (known after apply)
      + security_groups                      = (known after apply)
      + source_dest_check                    = true
      + subnet_id                            = "subnet-07b3ac01cd948455d"
      + tags                                 = {
          + "CreatedBy" = "Terraform"
          + "Name"      = "cb_jenkins"
        }
      + tags_all                             = {
          + "CreatedBy" = "Terraform"
          + "Name"      = "cb_jenkins"
        }
      + tenancy                              = (known after apply)
      + user_data                            = "0a1387b0d4cea2e1d49dfe78e0ce723116266993"
      + user_data_base64                     = (known after apply)
      + user_data_replace_on_change          = false
      + vpc_security_group_ids               = [
          + "sg-02232a107d70cbbd7",
        ]
    }

  # aws_instance.cb_sonarqube will be created
  + resource "aws_instance" "cb_sonarqube" {
      + ami                                  = "ami-04b70fa74e45c3917"
      + arn                                  = (known after apply)
      + associate_public_ip_address          = (known after apply)
      + availability_zone                    = (known after apply)
      + cpu_core_count                       = (known after apply)
      + cpu_threads_per_core                 = (known after apply)
      + disable_api_stop                     = (known after apply)
      + disable_api_termination              = (known after apply)
      + ebs_optimized                        = (known after apply)
      + get_password_data                    = false
      + host_id                              = (known after apply)
      + host_resource_group_arn              = (known after apply)
      + iam_instance_profile                 = "SSM_Instanceprofile"
      + id                                   = (known after apply)
      + instance_initiated_shutdown_behavior = (known after apply)
      + instance_state                       = (known after apply)
      + instance_type                        = "t2.medium"
      + ipv6_address_count                   = (known after apply)
      + ipv6_addresses                       = (known after apply)
      + key_name                             = "nv_keys"
      + monitoring                           = (known after apply)
      + outpost_arn                          = (known after apply)
      + password_data                        = (known after apply)
      + placement_group                      = (known after apply)
      + placement_partition_number           = (known after apply)
      + primary_network_interface_id         = (known after apply)
      + private_dns                          = (known after apply)
      + private_ip                           = (known after apply)
      + public_dns                           = (known after apply)
      + public_ip                            = (known after apply)
      + secondary_private_ips                = (known after apply)
      + security_groups                      = (known after apply)
      + source_dest_check                    = true
      + subnet_id                            = "subnet-07b3ac01cd948455d"
      + tags                                 = {
          + "CreatedBy" = "Terraform"
          + "Name"      = "cb_sonarqube"
        }
      + tags_all                             = {
          + "CreatedBy" = "Terraform"
          + "Name"      = "cb_sonarqube"
        }
      + tenancy                              = (known after apply)
      + user_data                            = "757cecba0755cdb445a132783236f72c233b6929"
      + user_data_base64                     = (known after apply)
      + user_data_replace_on_change          = false
      + vpc_security_group_ids               = [
          + "sg-02232a107d70cbbd7",
        ]
    }

Plan: 2 to add, 0 to change, 0 to destroy.